// !$*UTF8*$!
{
	archiveVersion = 1;
	classes = {
	};
	objectVersion = 46;
	objects = {

/* Begin PBXBuildFile section */
		3256FCC41C2977E200FFD557 /* AppDelegate.swift in Sources */ = {isa = PBXBuildFile; fileRef = 3256FCC31C2977E200FFD557 /* AppDelegate.swift */; };
		3256FCC61C2977E200FFD557 /* ViewController.swift in Sources */ = {isa = PBXBuildFile; fileRef = 3256FCC51C2977E200FFD557 /* ViewController.swift */; };
		3256FCC91C2977E200FFD557 /* Main.storyboard in Resources */ = {isa = PBXBuildFile; fileRef = 3256FCC71C2977E200FFD557 /* Main.storyboard */; };
		3256FCCB1C2977E200FFD557 /* Assets.xcassets in Resources */ = {isa = PBXBuildFile; fileRef = 3256FCCA1C2977E200FFD557 /* Assets.xcassets */; };
		3256FCCE1C2977E200FFD557 /* LaunchScreen.storyboard in Resources */ = {isa = PBXBuildFile; fileRef = 3256FCCC1C2977E200FFD557 /* LaunchScreen.storyboard */; };
		3256FCE51C29784100FFD557 /* kmeans.swift in Sources */ = {isa = PBXBuildFile; fileRef = 3256FCE41C29784100FFD557 /* kmeans.swift */; };
		325787FF1DD4725B007F31B9 /* AppDelegate.swift in Sources */ = {isa = PBXBuildFile; fileRef = 325787FE1DD4725B007F31B9 /* AppDelegate.swift */; };
		325788011DD4725B007F31B9 /* ViewController.swift in Sources */ = {isa = PBXBuildFile; fileRef = 325788001DD4725B007F31B9 /* ViewController.swift */; };
		325788031DD4725B007F31B9 /* Assets.xcassets in Resources */ = {isa = PBXBuildFile; fileRef = 325788021DD4725B007F31B9 /* Assets.xcassets */; };
		325788061DD4725C007F31B9 /* Main.storyboard in Resources */ = {isa = PBXBuildFile; fileRef = 325788041DD4725C007F31B9 /* Main.storyboard */; };
		3257880B1DD47266007F31B9 /* kmeans.swift in Sources */ = {isa = PBXBuildFile; fileRef = 3256FCE41C29784100FFD557 /* kmeans.swift */; };
/* End PBXBuildFile section */

/* Begin PBXFileReference section */
		3256FCC01C2977E200FFD557 /* KMeansSwift.app */ = {isa = PBXFileReference; explicitFileType = wrapper.application; includeInIndex = 0; path = KMeansSwift.app; sourceTree = BUILT_PRODUCTS_DIR; };
		3256FCC31C2977E200FFD557 /* AppDelegate.swift */ = {isa = PBXFileReference; lastKnownFileType = sourcecode.swift; path = AppDelegate.swift; sourceTree = "<group>"; };
		3256FCC51C2977E200FFD557 /* ViewController.swift */ = {isa = PBXFileReference; lastKnownFileType = sourcecode.swift; path = ViewController.swift; sourceTree = "<group>"; };
		3256FCC81C2977E200FFD557 /* Base */ = {isa = PBXFileReference; lastKnownFileType = file.storyboard; name = Base; path = Base.lproj/Main.storyboard; sourceTree = "<group>"; };
		3256FCCA1C2977E200FFD557 /* Assets.xcassets */ = {isa = PBXFileReference; lastKnownFileType = folder.assetcatalog; path = Assets.xcassets; sourceTree = "<group>"; };
		3256FCCD1C2977E200FFD557 /* Base */ = {isa = PBXFileReference; lastKnownFileType = file.storyboard; name = Base; path = Base.lproj/LaunchScreen.storyboard; sourceTree = "<group>"; };
		3256FCCF1C2977E200FFD557 /* Info.plist */ = {isa = PBXFileReference; lastKnownFileType = text.plist.xml; path = Info.plist; sourceTree = "<group>"; };
		3256FCE41C29784100FFD557 /* kmeans.swift */ = {isa = PBXFileReference; fileEncoding = 4; lastKnownFileType = sourcecode.swift; path = kmeans.swift; sourceTree = "<group>"; };
		325787FC1DD4725B007F31B9 /* KMeansSwiftMac.app */ = {isa = PBXFileReference; explicitFileType = wrapper.application; includeInIndex = 0; path = KMeansSwiftMac.app; sourceTree = BUILT_PRODUCTS_DIR; };
		325787FE1DD4725B007F31B9 /* AppDelegate.swift */ = {isa = PBXFileReference; lastKnownFileType = sourcecode.swift; path = AppDelegate.swift; sourceTree = "<group>"; };
		325788001DD4725B007F31B9 /* ViewController.swift */ = {isa = PBXFileReference; lastKnownFileType = sourcecode.swift; path = ViewController.swift; sourceTree = "<group>"; };
		325788021DD4725B007F31B9 /* Assets.xcassets */ = {isa = PBXFileReference; lastKnownFileType = folder.assetcatalog; path = Assets.xcassets; sourceTree = "<group>"; };
		325788051DD4725C007F31B9 /* Base */ = {isa = PBXFileReference; lastKnownFileType = file.storyboard; name = Base; path = Base.lproj/Main.storyboard; sourceTree = "<group>"; };
		325788071DD4725C007F31B9 /* Info.plist */ = {isa = PBXFileReference; lastKnownFileType = text.plist.xml; path = Info.plist; sourceTree = "<group>"; };
/* End PBXFileReference section */

/* Begin PBXFrameworksBuildPhase section */
		3256FCBD1C2977E200FFD557 /* Frameworks */ = {
			isa = PBXFrameworksBuildPhase;
			buildActionMask = 2147483647;
			files = (
			);
			runOnlyForDeploymentPostprocessing = 0;
		};
		325787F91DD4725B007F31B9 /* Frameworks */ = {
			isa = PBXFrameworksBuildPhase;
			buildActionMask = 2147483647;
			files = (
			);
			runOnlyForDeploymentPostprocessing = 0;
		};
/* End PBXFrameworksBuildPhase section */

/* Begin PBXGroup section */
		3256FCB71C2977E200FFD557 = {
			isa = PBXGroup;
			children = (
				3256FCE31C29781C00FFD557 /* KMeans */,
				3256FCC21C2977E200FFD557 /* KMeansSwift */,
				325787FD1DD4725B007F31B9 /* KMeansSwiftMac */,
				3256FCC11C2977E200FFD557 /* Products */,
			);
			sourceTree = "<group>";
		};
		3256FCC11C2977E200FFD557 /* Products */ = {
			isa = PBXGroup;
			children = (
				3256FCC01C2977E200FFD557 /* KMeansSwift.app */,
				325787FC1DD4725B007F31B9 /* KMeansSwiftMac.app */,
			);
			name = Products;
			sourceTree = "<group>";
		};
		3256FCC21C2977E200FFD557 /* KMeansSwift */ = {
			isa = PBXGroup;
			children = (
				3256FCC31C2977E200FFD557 /* AppDelegate.swift */,
				3256FCC51C2977E200FFD557 /* ViewController.swift */,
				3256FCC71C2977E200FFD557 /* Main.storyboard */,
				3256FCCA1C2977E200FFD557 /* Assets.xcassets */,
				3256FCCC1C2977E200FFD557 /* LaunchScreen.storyboard */,
				3256FCCF1C2977E200FFD557 /* Info.plist */,
			);
			path = KMeansSwift;
			sourceTree = "<group>";
		};
		3256FCE31C29781C00FFD557 /* KMeans */ = {
			isa = PBXGroup;
			children = (
				3256FCE41C29784100FFD557 /* kmeans.swift */,
			);
			path = KMeans;
			sourceTree = "<group>";
		};
		325787FD1DD4725B007F31B9 /* KMeansSwiftMac */ = {
			isa = PBXGroup;
			children = (
				325787FE1DD4725B007F31B9 /* AppDelegate.swift */,
				325788001DD4725B007F31B9 /* ViewController.swift */,
				325788021DD4725B007F31B9 /* Assets.xcassets */,
				325788041DD4725C007F31B9 /* Main.storyboard */,
				325788071DD4725C007F31B9 /* Info.plist */,
			);
			path = KMeansSwiftMac;
			sourceTree = "<group>";
		};
/* End PBXGroup section */

/* Begin PBXNativeTarget section */
		3256FCBF1C2977E200FFD557 /* KMeansSwift */ = {
			isa = PBXNativeTarget;
			buildConfigurationList = 3256FCDD1C2977E200FFD557 /* Build configuration list for PBXNativeTarget "KMeansSwift" */;
			buildPhases = (
				3256FCBC1C2977E200FFD557 /* Sources */,
				3256FCBD1C2977E200FFD557 /* Frameworks */,
				3256FCBE1C2977E200FFD557 /* Resources */,
			);
			buildRules = (
			);
			dependencies = (
			);
			name = KMeansSwift;
			productName = KMeansSwift;
			productReference = 3256FCC01C2977E200FFD557 /* KMeansSwift.app */;
			productType = "com.apple.product-type.application";
		};
		325787FB1DD4725B007F31B9 /* KMeansSwiftMac */ = {
			isa = PBXNativeTarget;
			buildConfigurationList = 325788081DD4725C007F31B9 /* Build configuration list for PBXNativeTarget "KMeansSwiftMac" */;
			buildPhases = (
				325787F81DD4725B007F31B9 /* Sources */,
				325787F91DD4725B007F31B9 /* Frameworks */,
				325787FA1DD4725B007F31B9 /* Resources */,
			);
			buildRules = (
			);
			dependencies = (
			);
			name = KMeansSwiftMac;
			productName = KMeansSwiftMac;
			productReference = 325787FC1DD4725B007F31B9 /* KMeansSwiftMac.app */;
			productType = "com.apple.product-type.application";
		};
/* End PBXNativeTarget section */

/* Begin PBXProject section */
		3256FCB81C2977E200FFD557 /* Project object */ = {
			isa = PBXProject;
			attributes = {
				LastSwiftUpdateCheck = 0810;
				LastUpgradeCheck = 0720;
				ORGANIZATIONNAME = sdq;
				TargetAttributes = {
					3256FCBF1C2977E200FFD557 = {
						CreatedOnToolsVersion = 7.2;
						DevelopmentTeam = H95RU58B4T;
						LastSwiftMigration = 0810;
					};
					325787FB1DD4725B007F31B9 = {
						CreatedOnToolsVersion = 8.1;
						DevelopmentTeam = H95RU58B4T;
						ProvisioningStyle = Automatic;
					};
				};
			};
			buildConfigurationList = 3256FCBB1C2977E200FFD557 /* Build configuration list for PBXProject "KMeansSwift" */;
			compatibilityVersion = "Xcode 3.2";
			developmentRegion = English;
			hasScannedForEncodings = 0;
			knownRegions = (
				en,
				Base,
			);
			mainGroup = 3256FCB71C2977E200FFD557;
			productRefGroup = 3256FCC11C2977E200FFD557 /* Products */;
			projectDirPath = "";
			projectRoot = "";
			targets = (
				3256FCBF1C2977E200FFD557 /* KMeansSwift */,
				325787FB1DD4725B007F31B9 /* KMeansSwiftMac */,
			);
		};
/* End PBXProject section */

/* Begin PBXResourcesBuildPhase section */
		3256FCBE1C2977E200FFD557 /* Resources */ = {
			isa = PBXResourcesBuildPhase;
			buildActionMask = 2147483647;
			files = (
				3256FCCE1C2977E200FFD557 /* LaunchScreen.storyboard in Resources */,
				3256FCCB1C2977E200FFD557 /* Assets.xcassets in Resources */,
				3256FCC91C2977E200FFD557 /* Main.storyboard in Resources */,
			);
			runOnlyForDeploymentPostprocessing = 0;
		};
		325787FA1DD4725B007F31B9 /* Resources */ = {
			isa = PBXResourcesBuildPhase;
			buildActionMask = 2147483647;
			files = (
				325788031DD4725B007F31B9 /* Assets.xcassets in Resources */,
				325788061DD4725C007F31B9 /* Main.storyboard in Resources */,
			);
			runOnlyForDeploymentPostprocessing = 0;
		};
/* End PBXResourcesBuildPhase section */

/* Begin PBXSourcesBuildPhase section */
		3256FCBC1C2977E200FFD557 /* Sources */ = {
			isa = PBXSourcesBuildPhase;
			buildActionMask = 2147483647;
			files = (
				3256FCC61C2977E200FFD557 /* ViewController.swift in Sources */,
				3256FCC41C2977E200FFD557 /* AppDelegate.swift in Sources */,
				3256FCE51C29784100FFD557 /* kmeans.swift in Sources */,
			);
			runOnlyForDeploymentPostprocessing = 0;
		};
		325787F81DD4725B007F31B9 /* Sources */ = {
			isa = PBXSourcesBuildPhase;
			buildActionMask = 2147483647;
			files = (
				325788011DD4725B007F31B9 /* ViewController.swift in Sources */,
				325787FF1DD4725B007F31B9 /* AppDelegate.swift in Sources */,
				3257880B1DD47266007F31B9 /* kmeans.swift in Sources */,
			);
			runOnlyForDeploymentPostprocessing = 0;
		};
/* End PBXSourcesBuildPhase section */

/* Begin PBXVariantGroup section */
		3256FCC71C2977E200FFD557 /* Main.storyboard */ = {
			isa = PBXVariantGroup;
			children = (
				3256FCC81C2977E200FFD557 /* Base */,
			);
			name = Main.storyboard;
			sourceTree = "<group>";
		};
		3256FCCC1C2977E200FFD557 /* LaunchScreen.storyboard */ = {
			isa = PBXVariantGroup;
			children = (
				3256FCCD1C2977E200FFD557 /* Base */,
			);
			name = LaunchScreen.storyboard;
			sourceTree = "<group>";
		};
		325788041DD4725C007F31B9 /* Main.storyboard */ = {
			isa = PBXVariantGroup;
			children = (
				325788051DD4725C007F31B9 /* Base */,
			);
			name = Main.storyboard;
			sourceTree = "<group>";
		};
/* End PBXVariantGroup section */

/* Begin XCBuildConfiguration section */
		3256FCDB1C2977E200FFD557 /* Debug */ = {
			isa = XCBuildConfiguration;
			buildSettings = {
				ALWAYS_SEARCH_USER_PATHS = NO;
				CLANG_CXX_LANGUAGE_STANDARD = "gnu++0x";
				CLANG_CXX_LIBRARY = "libc++";
				CLANG_ENABLE_MODULES = YES;
				CLANG_ENABLE_OBJC_ARC = YES;
				CLANG_WARN_BOOL_CONVERSION = YES;
				CLANG_WARN_CONSTANT_CONVERSION = YES;
				CLANG_WARN_DIRECT_OBJC_ISA_USAGE = YES_ERROR;
				CLANG_WARN_EMPTY_BODY = YES;
				CLANG_WARN_ENUM_CONVERSION = YES;
				CLANG_WARN_INT_CONVERSION = YES;
				CLANG_WARN_OBJC_ROOT_CLASS = YES_ERROR;
				CLANG_WARN_UNREACHABLE_CODE = YES;
				CLANG_WARN__DUPLICATE_METHOD_MATCH = YES;
				"CODE_SIGN_IDENTITY[sdk=iphoneos*]" = "iPhone Developer";
				COPY_PHASE_STRIP = NO;
				DEBUG_INFORMATION_FORMAT = dwarf;
				ENABLE_STRICT_OBJC_MSGSEND = YES;
				ENABLE_TESTABILITY = YES;
				GCC_C_LANGUAGE_STANDARD = gnu99;
				GCC_DYNAMIC_NO_PIC = NO;
				GCC_NO_COMMON_BLOCKS = YES;
				GCC_OPTIMIZATION_LEVEL = 0;
				GCC_PREPROCESSOR_DEFINITIONS = (
					"DEBUG=1",
					"$(inherited)",
				);
				GCC_WARN_64_TO_32_BIT_CONVERSION = YES;
				GCC_WARN_ABOUT_RETURN_TYPE = YES_ERROR;
				GCC_WARN_UNDECLARED_SELECTOR = YES;
				GCC_WARN_UNINITIALIZED_AUTOS = YES_AGGRESSIVE;
				GCC_WARN_UNUSED_FUNCTION = YES;
				GCC_WARN_UNUSED_VARIABLE = YES;
				IPHONEOS_DEPLOYMENT_TARGET = 9.0;
				MTL_ENABLE_DEBUG_INFO = YES;
				ONLY_ACTIVE_ARCH = YES;
				SDKROOT = iphoneos;
				SWIFT_OPTIMIZATION_LEVEL = "-Onone";
				TARGETED_DEVICE_FAMILY = "1,2";
			};
			name = Debug;
		};
		3256FCDC1C2977E200FFD557 /* Release */ = {
			isa = XCBuildConfiguration;
			buildSettings = {
				ALWAYS_SEARCH_USER_PATHS = NO;
				CLANG_CXX_LANGUAGE_STANDARD = "gnu++0x";
				CLANG_CXX_LIBRARY = "libc++";
				CLANG_ENABLE_MODULES = YES;
				CLANG_ENABLE_OBJC_ARC = YES;
				CLANG_WARN_BOOL_CONVERSION = YES;
				CLANG_WARN_CONSTANT_CONVERSION = YES;
				CLANG_WARN_DIRECT_OBJC_ISA_USAGE = YES_ERROR;
				CLANG_WARN_EMPTY_BODY = YES;
				CLANG_WARN_ENUM_CONVERSION = YES;
				CLANG_WARN_INT_CONVERSION = YES;
				CLANG_WARN_OBJC_ROOT_CLASS = YES_ERROR;
				CLANG_WARN_UNREACHABLE_CODE = YES;
				CLANG_WARN__DUPLICATE_METHOD_MATCH = YES;
				"CODE_SIGN_IDENTITY[sdk=iphoneos*]" = "iPhone Developer";
				COPY_PHASE_STRIP = NO;
				DEBUG_INFORMATION_FORMAT = "dwarf-with-dsym";
				ENABLE_NS_ASSERTIONS = NO;
				ENABLE_STRICT_OBJC_MSGSEND = YES;
				GCC_C_LANGUAGE_STANDARD = gnu99;
				GCC_NO_COMMON_BLOCKS = YES;
				GCC_WARN_64_TO_32_BIT_CONVERSION = YES;
				GCC_WARN_ABOUT_RETURN_TYPE = YES_ERROR;
				GCC_WARN_UNDECLARED_SELECTOR = YES;
				GCC_WARN_UNINITIALIZED_AUTOS = YES_AGGRESSIVE;
				GCC_WARN_UNUSED_FUNCTION = YES;
				GCC_WARN_UNUSED_VARIABLE = YES;
				IPHONEOS_DEPLOYMENT_TARGET = 9.0;
				MTL_ENABLE_DEBUG_INFO = NO;
				SDKROOT = iphoneos;
				TARGETED_DEVICE_FAMILY = "1,2";
				VALIDATE_PRODUCT = YES;
			};
			name = Release;
		};
		3256FCDE1C2977E200FFD557 /* Debug */ = {
			isa = XCBuildConfiguration;
			buildSettings = {
				ASSETCATALOG_COMPILER_APPICON_NAME = AppIcon;
				DEVELOPMENT_TEAM = H95RU58B4T;
				INFOPLIST_FILE = KMeansSwift/Info.plist;
				IPHONEOS_DEPLOYMENT_TARGET = 9.0;
				LD_RUNPATH_SEARCH_PATHS = "$(inherited) @executable_path/Frameworks";
				PRODUCT_BUNDLE_IDENTIFIER = net.shidanqing.kmeans;
				PRODUCT_NAME = "$(TARGET_NAME)";
				SWIFT_VERSION = 3.0;
			};
			name = Debug;
		};
		3256FCDF1C2977E200FFD557 /* Release */ = {
			isa = XCBuildConfiguration;
			buildSettings = {
				ASSETCATALOG_COMPILER_APPICON_NAME = AppIcon;
				DEVELOPMENT_TEAM = H95RU58B4T;
				INFOPLIST_FILE = KMeansSwift/Info.plist;
				IPHONEOS_DEPLOYMENT_TARGET = 9.0;
				LD_RUNPATH_SEARCH_PATHS = "$(inherited) @executable_path/Frameworks";
				PRODUCT_BUNDLE_IDENTIFIER = net.shidanqing.kmeans;
				PRODUCT_NAME = "$(TARGET_NAME)";
				SWIFT_VERSION = 3.0;
			};
			name = Release;
		};
		325788091DD4725C007F31B9 /* Debug */ = {
			isa = XCBuildConfiguration;
			buildSettings = {
				ASSETCATALOG_COMPILER_APPICON_NAME = AppIcon;
				CLANG_ANALYZER_NONNULL = YES;
				CLANG_WARN_DOCUMENTATION_COMMENTS = YES;
				CLANG_WARN_INFINITE_RECURSION = YES;
				CLANG_WARN_SUSPICIOUS_MOVES = YES;
				CODE_SIGN_IDENTITY = "-";
				COMBINE_HIDPI_IMAGES = YES;
				DEVELOPMENT_TEAM = H95RU58B4T;
				INFOPLIST_FILE = KMeansSwiftMac/Info.plist;
				LD_RUNPATH_SEARCH_PATHS = "$(inherited) @executable_path/../Frameworks";
				MACOSX_DEPLOYMENT_TARGET = 10.12;
				PRODUCT_BUNDLE_IDENTIFIER = net.shidanqing.KMeansSwiftMac;
				PRODUCT_NAME = "$(TARGET_NAME)";
				SDKROOT = macosx;
				SWIFT_ACTIVE_COMPILATION_CONDITIONS = DEBUG;
				SWIFT_VERSION = 3.0;
			};
			name = Debug;
		};
		3257880A1DD4725C007F31B9 /* Release */ = {
			isa = XCBuildConfiguration;
			buildSettings = {
				ASSETCATALOG_COMPILER_APPICON_NAME = AppIcon;
				CLANG_ANALYZER_NONNULL = YES;
				CLANG_WARN_DOCUMENTATION_COMMENTS = YES;
				CLANG_WARN_INFINITE_RECURSION = YES;
				CLANG_WARN_SUSPICIOUS_MOVES = YES;
				CODE_SIGN_IDENTITY = "-";
				COMBINE_HIDPI_IMAGES = YES;
				DEVELOPMENT_TEAM = H95RU58B4T;
				INFOPLIST_FILE = KMeansSwiftMac/Info.plist;
				LD_RUNPATH_SEARCH_PATHS = "$(inherited) @executable_path/../Frameworks";
				MACOSX_DEPLOYMENT_TARGET = 10.12;
				PRODUCT_BUNDLE_IDENTIFIER = net.shidanqing.KMeansSwiftMac;
				PRODUCT_NAME = "$(TARGET_NAME)";
				SDKROOT = macosx;
				SWIFT_OPTIMIZATION_LEVEL = "-Owholemodule";
				SWIFT_VERSION = 3.0;
			};
			name = Release;
		};
/* End XCBuildConfiguration section */

/* Begin XCConfigurationList section */
		3256FCBB1C2977E200FFD557 /* Build configuration list for PBXProject "KMeansSwift" */ = {
			isa = XCConfigurationList;
			buildConfigurations = (
				3256FCDB1C2977E200FFD557 /* Debug */,
				3256FCDC1C2977E200FFD557 /* Release */,
			);
			defaultConfigurationIsVisible = 0;
			defaultConfigurationName = Release;
		};
		3256FCDD1C2977E200FFD557 /* Build configuration list for PBXNativeTarget "KMeansSwift" */ = {
			isa = XCConfigurationList;
			buildConfigurations = (
				3256FCDE1C2977E200FFD557 /* Debug */,
				3256FCDF1C2977E200FFD557 /* Release */,
			);
			defaultConfigurationIsVisible = 0;
			defaultConfigurationName = Release;
		};
		325788081DD4725C007F31B9 /* Build configuration list for PBXNativeTarget "KMeansSwiftMac" */ = {
			isa = XCConfigurationList;
			buildConfigurations = (
				325788091DD4725C007F31B9 /* Debug */,
				3257880A1DD4725C007F31B9 /* Release */,
			);
			defaultConfigurationIsVisible = 0;
			defaultConfigurationName = Release;
		};
/* End XCConfigurationList section */
	};
	rootObject = 3256FCB81C2977E200FFD557 /* Project object */;
}
